// !$*UTF8*$!
{
	archiveVersion = 1;
	classes = {
	};
	objectVersion = 51;
	objects = {

/* Begin PBXBuildFile section */
		4AED13351C0430E9FBE60B6E /* Pods_QuarantineTests.framework in Frameworks */ = {isa = PBXBuildFile; fileRef = 59455953B4CF8A0F282B8486 /* Pods_QuarantineTests.framework */; };
		56DD783F00BBADEF2164CFD0 /* Pods_Quarantine.framework in Frameworks */ = {isa = PBXBuildFile; fileRef = D5DFC42C8C9505AA2C7BD0D5 /* Pods_Quarantine.framework */; };
		C245A2ED24885BDD00F7E74A /* CoordinatorProtocol.swift in Sources */ = {isa = PBXBuildFile; fileRef = C245A2E724885BDD00F7E74A /* CoordinatorProtocol.swift */; };
		C245A2EE24885BDD00F7E74A /* ModuleViewModel.swift in Sources */ = {isa = PBXBuildFile; fileRef = C245A2EA24885BDD00F7E74A /* ModuleViewModel.swift */; };
		C245A2EF24885BDD00F7E74A /* ModuleView.swift in Sources */ = {isa = PBXBuildFile; fileRef = C245A2EC24885BDD00F7E74A /* ModuleView.swift */; };
		C245A30424885CB900F7E74A /* SharedSequence+AdditionalOperators.swift in Sources */ = {isa = PBXBuildFile; fileRef = C245A2F624885CB900F7E74A /* SharedSequence+AdditionalOperators.swift */; };
		C245A30524885CB900F7E74A /* ObservableType+Errors.swift in Sources */ = {isa = PBXBuildFile; fileRef = C245A2F724885CB900F7E74A /* ObservableType+Errors.swift */; };
		C245A30624885CB900F7E74A /* ObservableType+AdditionalOperators.swift in Sources */ = {isa = PBXBuildFile; fileRef = C245A2F824885CB900F7E74A /* ObservableType+AdditionalOperators.swift */; };
		C245A30724885CB900F7E74A /* UIViewController+Rx.swift in Sources */ = {isa = PBXBuildFile; fileRef = C245A2F924885CB900F7E74A /* UIViewController+Rx.swift */; };
		C245A30824885CB900F7E74A /* Disposable+DisposedWith.swift in Sources */ = {isa = PBXBuildFile; fileRef = C245A2FA24885CB900F7E74A /* Disposable+DisposedWith.swift */; };
		C245A30924885CB900F7E74A /* PrimitiveSequence+AdditionalOperators.swift in Sources */ = {isa = PBXBuildFile; fileRef = C245A2FB24885CB900F7E74A /* PrimitiveSequence+AdditionalOperators.swift */; };
		C245A30B24885CB900F7E74A /* Dictionary+Extensions.swift in Sources */ = {isa = PBXBuildFile; fileRef = C245A2FE24885CB900F7E74A /* Dictionary+Extensions.swift */; };
		C245A30C24885CB900F7E74A /* Date+Extensions.swift in Sources */ = {isa = PBXBuildFile; fileRef = C245A2FF24885CB900F7E74A /* Date+Extensions.swift */; };
		C245A30D24885CB900F7E74A /* NSRecursiveLock+Extensions.swift in Sources */ = {isa = PBXBuildFile; fileRef = C245A30024885CB900F7E74A /* NSRecursiveLock+Extensions.swift */; };
		C245A30E24885CB900F7E74A /* Optional+Unwrap.swift in Sources */ = {isa = PBXBuildFile; fileRef = C245A30224885CB900F7E74A /* Optional+Unwrap.swift */; };
		C245A31224885DA000F7E74A /* AppCoordinator.swift in Sources */ = {isa = PBXBuildFile; fileRef = C245A31124885DA000F7E74A /* AppCoordinator.swift */; };
		C245A31624885F8D00F7E74A /* LoginViewController.swift in Sources */ = {isa = PBXBuildFile; fileRef = C245A31524885F8D00F7E74A /* LoginViewController.swift */; };
		C245A31824885F9D00F7E74A /* LoginViewModel.swift in Sources */ = {isa = PBXBuildFile; fileRef = C245A31724885F9D00F7E74A /* LoginViewModel.swift */; };
		C245A31A24885FB600F7E74A /* LoginCoordinator.swift in Sources */ = {isa = PBXBuildFile; fileRef = C245A31924885FB600F7E74A /* LoginCoordinator.swift */; };
		C2CC0B362471D3CF00782F3F /* AppDelegate.swift in Sources */ = {isa = PBXBuildFile; fileRef = C2CC0B352471D3CF00782F3F /* AppDelegate.swift */; };
		C2CC0B382471D3CF00782F3F /* SceneDelegate.swift in Sources */ = {isa = PBXBuildFile; fileRef = C2CC0B372471D3CF00782F3F /* SceneDelegate.swift */; };
		C2CC0B3F2471D3D100782F3F /* Assets.xcassets in Resources */ = {isa = PBXBuildFile; fileRef = C2CC0B3E2471D3D100782F3F /* Assets.xcassets */; };
		C2CC0B422471D3D100782F3F /* LaunchScreen.storyboard in Resources */ = {isa = PBXBuildFile; fileRef = C2CC0B402471D3D100782F3F /* LaunchScreen.storyboard */; };
		C2CC0B4D2471D3D100782F3F /* QuarantineTests.swift in Sources */ = {isa = PBXBuildFile; fileRef = C2CC0B4C2471D3D100782F3F /* QuarantineTests.swift */; };
		C2CC0B582471D3D100782F3F /* QuarantineUITests.swift in Sources */ = {isa = PBXBuildFile; fileRef = C2CC0B572471D3D100782F3F /* QuarantineUITests.swift */; };
/* End PBXBuildFile section */

/* Begin PBXContainerItemProxy section */
		C2CC0B492471D3D100782F3F /* PBXContainerItemProxy */ = {
			isa = PBXContainerItemProxy;
			containerPortal = C2CC0B2A2471D3CF00782F3F /* Project object */;
			proxyType = 1;
			remoteGlobalIDString = C2CC0B312471D3CF00782F3F;
			remoteInfo = Quarantine;
		};
		C2CC0B542471D3D100782F3F /* PBXContainerItemProxy */ = {
			isa = PBXContainerItemProxy;
			containerPortal = C2CC0B2A2471D3CF00782F3F /* Project object */;
			proxyType = 1;
			remoteGlobalIDString = C2CC0B312471D3CF00782F3F;
			remoteInfo = Quarantine;
		};
/* End PBXContainerItemProxy section */

/* Begin PBXFileReference section */
		3B470689D258B3FF2C7C4021 /* Pods-Quarantine.debug.xcconfig */ = {isa = PBXFileReference; includeInIndex = 1; lastKnownFileType = text.xcconfig; name = "Pods-Quarantine.debug.xcconfig"; path = "Target Support Files/Pods-Quarantine/Pods-Quarantine.debug.xcconfig"; sourceTree = "<group>"; };
		54AF3D50054F08B7125B5C99 /* Pods-Quarantine.release.xcconfig */ = {isa = PBXFileReference; includeInIndex = 1; lastKnownFileType = text.xcconfig; name = "Pods-Quarantine.release.xcconfig"; path = "Target Support Files/Pods-Quarantine/Pods-Quarantine.release.xcconfig"; sourceTree = "<group>"; };
		59455953B4CF8A0F282B8486 /* Pods_QuarantineTests.framework */ = {isa = PBXFileReference; explicitFileType = wrapper.framework; includeInIndex = 0; path = Pods_QuarantineTests.framework; sourceTree = BUILT_PRODUCTS_DIR; };
		5DD787B47D23380F00E8EDDA /* Pods-QuarantineTests.debug.xcconfig */ = {isa = PBXFileReference; includeInIndex = 1; lastKnownFileType = text.xcconfig; name = "Pods-QuarantineTests.debug.xcconfig"; path = "Target Support Files/Pods-QuarantineTests/Pods-QuarantineTests.debug.xcconfig"; sourceTree = "<group>"; };
		C245A2E724885BDD00F7E74A /* CoordinatorProtocol.swift */ = {isa = PBXFileReference; fileEncoding = 4; lastKnownFileType = sourcecode.swift; path = CoordinatorProtocol.swift; sourceTree = "<group>"; };
		C245A2EA24885BDD00F7E74A /* ModuleViewModel.swift */ = {isa = PBXFileReference; fileEncoding = 4; lastKnownFileType = sourcecode.swift; path = ModuleViewModel.swift; sourceTree = "<group>"; };
		C245A2EC24885BDD00F7E74A /* ModuleView.swift */ = {isa = PBXFileReference; fileEncoding = 4; lastKnownFileType = sourcecode.swift; path = ModuleView.swift; sourceTree = "<group>"; };
		C245A2F624885CB900F7E74A /* SharedSequence+AdditionalOperators.swift */ = {isa = PBXFileReference; fileEncoding = 4; lastKnownFileType = sourcecode.swift; path = "SharedSequence+AdditionalOperators.swift"; sourceTree = "<group>"; };
		C245A2F724885CB900F7E74A /* ObservableType+Errors.swift */ = {isa = PBXFileReference; fileEncoding = 4; lastKnownFileType = sourcecode.swift; path = "ObservableType+Errors.swift"; sourceTree = "<group>"; };
		C245A2F824885CB900F7E74A /* ObservableType+AdditionalOperators.swift */ = {isa = PBXFileReference; fileEncoding = 4; lastKnownFileType = sourcecode.swift; path = "ObservableType+AdditionalOperators.swift"; sourceTree = "<group>"; };
		C245A2F924885CB900F7E74A /* UIViewController+Rx.swift */ = {isa = PBXFileReference; fileEncoding = 4; lastKnownFileType = sourcecode.swift; path = "UIViewController+Rx.swift"; sourceTree = "<group>"; };
		C245A2FA24885CB900F7E74A /* Disposable+DisposedWith.swift */ = {isa = PBXFileReference; fileEncoding = 4; lastKnownFileType = sourcecode.swift; path = "Disposable+DisposedWith.swift"; sourceTree = "<group>"; };
		C245A2FB24885CB900F7E74A /* PrimitiveSequence+AdditionalOperators.swift */ = {isa = PBXFileReference; fileEncoding = 4; lastKnownFileType = sourcecode.swift; path = "PrimitiveSequence+AdditionalOperators.swift"; sourceTree = "<group>"; };
		C245A2FE24885CB900F7E74A /* Dictionary+Extensions.swift */ = {isa = PBXFileReference; fileEncoding = 4; lastKnownFileType = sourcecode.swift; path = "Dictionary+Extensions.swift"; sourceTree = "<group>"; };
		C245A2FF24885CB900F7E74A /* Date+Extensions.swift */ = {isa = PBXFileReference; fileEncoding = 4; lastKnownFileType = sourcecode.swift; path = "Date+Extensions.swift"; sourceTree = "<group>"; };
		C245A30024885CB900F7E74A /* NSRecursiveLock+Extensions.swift */ = {isa = PBXFileReference; fileEncoding = 4; lastKnownFileType = sourcecode.swift; path = "NSRecursiveLock+Extensions.swift"; sourceTree = "<group>"; };
		C245A30224885CB900F7E74A /* Optional+Unwrap.swift */ = {isa = PBXFileReference; fileEncoding = 4; lastKnownFileType = sourcecode.swift; path = "Optional+Unwrap.swift"; sourceTree = "<group>"; };
		C245A31124885DA000F7E74A /* AppCoordinator.swift */ = {isa = PBXFileReference; lastKnownFileType = sourcecode.swift; path = AppCoordinator.swift; sourceTree = "<group>"; };
		C245A31524885F8D00F7E74A /* LoginViewController.swift */ = {isa = PBXFileReference; lastKnownFileType = sourcecode.swift; path = LoginViewController.swift; sourceTree = "<group>"; };
		C245A31724885F9D00F7E74A /* LoginViewModel.swift */ = {isa = PBXFileReference; lastKnownFileType = sourcecode.swift; path = LoginViewModel.swift; sourceTree = "<group>"; };
		C245A31924885FB600F7E74A /* LoginCoordinator.swift */ = {isa = PBXFileReference; lastKnownFileType = sourcecode.swift; path = LoginCoordinator.swift; sourceTree = "<group>"; };
		C2CC0B322471D3CF00782F3F /* Quarantine.app */ = {isa = PBXFileReference; explicitFileType = wrapper.application; includeInIndex = 0; path = Quarantine.app; sourceTree = BUILT_PRODUCTS_DIR; };
		C2CC0B352471D3CF00782F3F /* AppDelegate.swift */ = {isa = PBXFileReference; lastKnownFileType = sourcecode.swift; path = AppDelegate.swift; sourceTree = "<group>"; };
		C2CC0B372471D3CF00782F3F /* SceneDelegate.swift */ = {isa = PBXFileReference; lastKnownFileType = sourcecode.swift; path = SceneDelegate.swift; sourceTree = "<group>"; };
		C2CC0B3E2471D3D100782F3F /* Assets.xcassets */ = {isa = PBXFileReference; lastKnownFileType = folder.assetcatalog; path = Assets.xcassets; sourceTree = "<group>"; };
		C2CC0B412471D3D100782F3F /* Base */ = {isa = PBXFileReference; lastKnownFileType = file.storyboard; name = Base; path = Base.lproj/LaunchScreen.storyboard; sourceTree = "<group>"; };
		C2CC0B432471D3D100782F3F /* Info.plist */ = {isa = PBXFileReference; lastKnownFileType = text.plist.xml; path = Info.plist; sourceTree = "<group>"; };
		C2CC0B482471D3D100782F3F /* QuarantineTests.xctest */ = {isa = PBXFileReference; explicitFileType = wrapper.cfbundle; includeInIndex = 0; path = QuarantineTests.xctest; sourceTree = BUILT_PRODUCTS_DIR; };
		C2CC0B4C2471D3D100782F3F /* QuarantineTests.swift */ = {isa = PBXFileReference; lastKnownFileType = sourcecode.swift; path = QuarantineTests.swift; sourceTree = "<group>"; };
		C2CC0B4E2471D3D100782F3F /* Info.plist */ = {isa = PBXFileReference; lastKnownFileType = text.plist.xml; path = Info.plist; sourceTree = "<group>"; };
		C2CC0B532471D3D100782F3F /* QuarantineUITests.xctest */ = {isa = PBXFileReference; explicitFileType = wrapper.cfbundle; includeInIndex = 0; path = QuarantineUITests.xctest; sourceTree = BUILT_PRODUCTS_DIR; };
		C2CC0B572471D3D100782F3F /* QuarantineUITests.swift */ = {isa = PBXFileReference; lastKnownFileType = sourcecode.swift; path = QuarantineUITests.swift; sourceTree = "<group>"; };
		C2CC0B592471D3D100782F3F /* Info.plist */ = {isa = PBXFileReference; lastKnownFileType = text.plist.xml; path = Info.plist; sourceTree = "<group>"; };
		D5DFC42C8C9505AA2C7BD0D5 /* Pods_Quarantine.framework */ = {isa = PBXFileReference; explicitFileType = wrapper.framework; includeInIndex = 0; path = Pods_Quarantine.framework; sourceTree = BUILT_PRODUCTS_DIR; };
		FBAC69B0F2623239E38FFFDC /* Pods-QuarantineTests.release.xcconfig */ = {isa = PBXFileReference; includeInIndex = 1; lastKnownFileType = text.xcconfig; name = "Pods-QuarantineTests.release.xcconfig"; path = "Target Support Files/Pods-QuarantineTests/Pods-QuarantineTests.release.xcconfig"; sourceTree = "<group>"; };
/* End PBXFileReference section */

/* Begin PBXFrameworksBuildPhase section */
		C2CC0B2F2471D3CF00782F3F /* Frameworks */ = {
			isa = PBXFrameworksBuildPhase;
			buildActionMask = 2147483647;
			files = (
				56DD783F00BBADEF2164CFD0 /* Pods_Quarantine.framework in Frameworks */,
			);
			runOnlyForDeploymentPostprocessing = 0;
		};
		C2CC0B452471D3D100782F3F /* Frameworks */ = {
			isa = PBXFrameworksBuildPhase;
			buildActionMask = 2147483647;
			files = (
				4AED13351C0430E9FBE60B6E /* Pods_QuarantineTests.framework in Frameworks */,
			);
			runOnlyForDeploymentPostprocessing = 0;
		};
		C2CC0B502471D3D100782F3F /* Frameworks */ = {
			isa = PBXFrameworksBuildPhase;
			buildActionMask = 2147483647;
			files = (
			);
			runOnlyForDeploymentPostprocessing = 0;
		};
/* End PBXFrameworksBuildPhase section */

/* Begin PBXGroup section */
		3444792893DC557C3386DBF2 /* Pods */ = {
			isa = PBXGroup;
			children = (
				3B470689D258B3FF2C7C4021 /* Pods-Quarantine.debug.xcconfig */,
				54AF3D50054F08B7125B5C99 /* Pods-Quarantine.release.xcconfig */,
				5DD787B47D23380F00E8EDDA /* Pods-QuarantineTests.debug.xcconfig */,
				FBAC69B0F2623239E38FFFDC /* Pods-QuarantineTests.release.xcconfig */,
			);
			path = Pods;
			sourceTree = "<group>";
		};
		602DCF648BE189C97D49EB58 /* Frameworks */ = {
			isa = PBXGroup;
			children = (
				D5DFC42C8C9505AA2C7BD0D5 /* Pods_Quarantine.framework */,
				59455953B4CF8A0F282B8486 /* Pods_QuarantineTests.framework */,
			);
			name = Frameworks;
			sourceTree = "<group>";
		};
		C245A2E12488575B00F7E74A /* Supporting Files */ = {
			isa = PBXGroup;
			children = (
				C2CC0B3E2471D3D100782F3F /* Assets.xcassets */,
				C2CC0B402471D3D100782F3F /* LaunchScreen.storyboard */,
				C2CC0B432471D3D100782F3F /* Info.plist */,
			);
			path = "Supporting Files";
			sourceTree = "<group>";
		};
		C245A2E22488578600F7E74A /* Presentation Layer */ = {
			isa = PBXGroup;
			children = (
				C245A31324885F5B00F7E74A /* Scenes */,
			);
			path = "Presentation Layer";
			sourceTree = "<group>";
		};
		C245A2E32488579D00F7E74A /* Core Layer */ = {
			isa = PBXGroup;
			children = (
				C245A2F024885CB900F7E74A /* Extensions */,
				C245A2E624885BDD00F7E74A /* Architecture */,
			);
			path = "Core Layer";
			sourceTree = "<group>";
		};
		C245A2E4248857AD00F7E74A /* Business Logic Layer */ = {
			isa = PBXGroup;
			children = (
				C245A31024885D7900F7E74A /* Services */,
				C245A30F24885D6000F7E74A /* Models */,
			);
			path = "Business Logic Layer";
			sourceTree = "<group>";
		};
		C245A2E5248857B800F7E74A /* Application Layer */ = {
			isa = PBXGroup;
			children = (
				C2CC0B352471D3CF00782F3F /* AppDelegate.swift */,
				C2CC0B372471D3CF00782F3F /* SceneDelegate.swift */,
				C245A31124885DA000F7E74A /* AppCoordinator.swift */,
			);
			path = "Application Layer";
			sourceTree = "<group>";
		};
		C245A2E624885BDD00F7E74A /* Architecture */ = {
			isa = PBXGroup;
			children = (
				C245A2E724885BDD00F7E74A /* CoordinatorProtocol.swift */,
				C245A2E824885BDD00F7E74A /* UIModule */,
			);
			path = Architecture;
			sourceTree = "<group>";
		};
		C245A2E824885BDD00F7E74A /* UIModule */ = {
			isa = PBXGroup;
			children = (
				C245A2E924885BDD00F7E74A /* ViewModel */,
				C245A2EB24885BDD00F7E74A /* View */,
			);
			path = UIModule;
			sourceTree = "<group>";
		};
		C245A2E924885BDD00F7E74A /* ViewModel */ = {
			isa = PBXGroup;
			children = (
				C245A2EA24885BDD00F7E74A /* ModuleViewModel.swift */,
			);
			path = ViewModel;
			sourceTree = "<group>";
		};
		C245A2EB24885BDD00F7E74A /* View */ = {
			isa = PBXGroup;
			children = (
				C245A2EC24885BDD00F7E74A /* ModuleView.swift */,
			);
			path = View;
			sourceTree = "<group>";
		};
		C245A2F024885CB900F7E74A /* Extensions */ = {
			isa = PBXGroup;
			children = (
				C245A2F524885CB900F7E74A /* Reactive */,
				C245A2FC24885CB900F7E74A /* Foundation */,
				C245A30124885CB900F7E74A /* Swift */,
			);
			path = Extensions;
			sourceTree = "<group>";
		};
		C245A2F524885CB900F7E74A /* Reactive */ = {
			isa = PBXGroup;
			children = (
				C245A2F624885CB900F7E74A /* SharedSequence+AdditionalOperators.swift */,
				C245A2F724885CB900F7E74A /* ObservableType+Errors.swift */,
				C245A2F824885CB900F7E74A /* ObservableType+AdditionalOperators.swift */,
				C245A2F924885CB900F7E74A /* UIViewController+Rx.swift */,
				C245A2FA24885CB900F7E74A /* Disposable+DisposedWith.swift */,
				C245A2FB24885CB900F7E74A /* PrimitiveSequence+AdditionalOperators.swift */,
			);
			path = Reactive;
			sourceTree = "<group>";
		};
		C245A2FC24885CB900F7E74A /* Foundation */ = {
			isa = PBXGroup;
			children = (
				C245A2FE24885CB900F7E74A /* Dictionary+Extensions.swift */,
				C245A2FF24885CB900F7E74A /* Date+Extensions.swift */,
				C245A30024885CB900F7E74A /* NSRecursiveLock+Extensions.swift */,
			);
			path = Foundation;
			sourceTree = "<group>";
		};
		C245A30124885CB900F7E74A /* Swift */ = {
			isa = PBXGroup;
			children = (
				C245A30224885CB900F7E74A /* Optional+Unwrap.swift */,
			);
			path = Swift;
			sourceTree = "<group>";
		};
		C245A30F24885D6000F7E74A /* Models */ = {
			isa = PBXGroup;
			children = (
			);
			path = Models;
			sourceTree = "<group>";
		};
		C245A31024885D7900F7E74A /* Services */ = {
			isa = PBXGroup;
			children = (
			);
			path = Services;
			sourceTree = "<group>";
		};
		C245A31324885F5B00F7E74A /* Scenes */ = {
			isa = PBXGroup;
			children = (
				C245A31424885F6300F7E74A /* LoginScreen */,
			);
			path = Scenes;
			sourceTree = "<group>";
		};
		C245A31424885F6300F7E74A /* LoginScreen */ = {
			isa = PBXGroup;
			children = (
				C245A31B24885FCA00F7E74A /* Coordinator */,
				C245A31C24885FE100F7E74A /* View */,
				C245A31D24885FF000F7E74A /* ViewModel */,
			);
			path = LoginScreen;
			sourceTree = "<group>";
		};
		C245A31B24885FCA00F7E74A /* Coordinator */ = {
			isa = PBXGroup;
			children = (
				C245A31924885FB600F7E74A /* LoginCoordinator.swift */,
			);
			path = Coordinator;
			sourceTree = "<group>";
		};
		C245A31C24885FE100F7E74A /* View */ = {
			isa = PBXGroup;
			children = (
				C245A31524885F8D00F7E74A /* LoginViewController.swift */,
			);
			path = View;
			sourceTree = "<group>";
		};
		C245A31D24885FF000F7E74A /* ViewModel */ = {
			isa = PBXGroup;
			children = (
				C245A31724885F9D00F7E74A /* LoginViewModel.swift */,
			);
			path = ViewModel;
			sourceTree = "<group>";
		};
		C2CC0B292471D3CF00782F3F = {
			isa = PBXGroup;
			children = (
				C2CC0B342471D3CF00782F3F /* Quarantine */,
				C2CC0B4B2471D3D100782F3F /* QuarantineTests */,
				C2CC0B562471D3D100782F3F /* QuarantineUITests */,
				C2CC0B332471D3CF00782F3F /* Products */,
				3444792893DC557C3386DBF2 /* Pods */,
				602DCF648BE189C97D49EB58 /* Frameworks */,
			);
			sourceTree = "<group>";
		};
		C2CC0B332471D3CF00782F3F /* Products */ = {
			isa = PBXGroup;
			children = (
				C2CC0B322471D3CF00782F3F /* Quarantine.app */,
				C2CC0B482471D3D100782F3F /* QuarantineTests.xctest */,
				C2CC0B532471D3D100782F3F /* QuarantineUITests.xctest */,
			);
			name = Products;
			sourceTree = "<group>";
		};
		C2CC0B342471D3CF00782F3F /* Quarantine */ = {
			isa = PBXGroup;
			children = (
				C245A2E5248857B800F7E74A /* Application Layer */,
				C245A2E4248857AD00F7E74A /* Business Logic Layer */,
				C245A2E32488579D00F7E74A /* Core Layer */,
				C245A2E22488578600F7E74A /* Presentation Layer */,
				C245A2E12488575B00F7E74A /* Supporting Files */,
			);
			path = Quarantine;
			sourceTree = "<group>";
		};
		C2CC0B4B2471D3D100782F3F /* QuarantineTests */ = {
			isa = PBXGroup;
			children = (
				C2CC0B4C2471D3D100782F3F /* QuarantineTests.swift */,
				C2CC0B4E2471D3D100782F3F /* Info.plist */,
			);
			path = QuarantineTests;
			sourceTree = "<group>";
		};
		C2CC0B562471D3D100782F3F /* QuarantineUITests */ = {
			isa = PBXGroup;
			children = (
				C2CC0B572471D3D100782F3F /* QuarantineUITests.swift */,
				C2CC0B592471D3D100782F3F /* Info.plist */,
			);
			path = QuarantineUITests;
			sourceTree = "<group>";
		};
/* End PBXGroup section */

/* Begin PBXNativeTarget section */
		C2CC0B312471D3CF00782F3F /* Quarantine */ = {
			isa = PBXNativeTarget;
			buildConfigurationList = C2CC0B5C2471D3D100782F3F /* Build configuration list for PBXNativeTarget "Quarantine" */;
			buildPhases = (
				4BBFFFE3AEA7E47DFD818DEB /* [CP] Check Pods Manifest.lock */,
				C2CC0B2E2471D3CF00782F3F /* Sources */,
				C2CC0B2F2471D3CF00782F3F /* Frameworks */,
				C2CC0B302471D3CF00782F3F /* Resources */,
				B05E85CCD68F5BA60F568B9E /* [CP] Embed Pods Frameworks */,
			);
			buildRules = (
			);
			dependencies = (
			);
			name = Quarantine;
			productName = Quarantine;
			productReference = C2CC0B322471D3CF00782F3F /* Quarantine.app */;
			productType = "com.apple.product-type.application";
		};
		C2CC0B472471D3D100782F3F /* QuarantineTests */ = {
			isa = PBXNativeTarget;
			buildConfigurationList = C2CC0B5F2471D3D100782F3F /* Build configuration list for PBXNativeTarget "QuarantineTests" */;
			buildPhases = (
				BC57F282BAE266765D6CB8DA /* [CP] Check Pods Manifest.lock */,
				C2CC0B442471D3D100782F3F /* Sources */,
				C2CC0B452471D3D100782F3F /* Frameworks */,
				C2CC0B462471D3D100782F3F /* Resources */,
			);
			buildRules = (
			);
			dependencies = (
				C2CC0B4A2471D3D100782F3F /* PBXTargetDependency */,
			);
			name = QuarantineTests;
			productName = QuarantineTests;
			productReference = C2CC0B482471D3D100782F3F /* QuarantineTests.xctest */;
			productType = "com.apple.product-type.bundle.unit-test";
		};
		C2CC0B522471D3D100782F3F /* QuarantineUITests */ = {
			isa = PBXNativeTarget;
			buildConfigurationList = C2CC0B622471D3D100782F3F /* Build configuration list for PBXNativeTarget "QuarantineUITests" */;
			buildPhases = (
				C2CC0B4F2471D3D100782F3F /* Sources */,
				C2CC0B502471D3D100782F3F /* Frameworks */,
				C2CC0B512471D3D100782F3F /* Resources */,
			);
			buildRules = (
			);
			dependencies = (
				C2CC0B552471D3D100782F3F /* PBXTargetDependency */,
			);
			name = QuarantineUITests;
			productName = QuarantineUITests;
			productReference = C2CC0B532471D3D100782F3F /* QuarantineUITests.xctest */;
			productType = "com.apple.product-type.bundle.ui-testing";
		};
/* End PBXNativeTarget section */

/* Begin PBXProject section */
		C2CC0B2A2471D3CF00782F3F /* Project object */ = {
			isa = PBXProject;
			attributes = {
				LastSwiftUpdateCheck = 1140;
				LastUpgradeCheck = 1140;
				ORGANIZATIONNAME = "Lipadat Evgeniy";
				TargetAttributes = {
					C2CC0B312471D3CF00782F3F = {
						CreatedOnToolsVersion = 11.4.1;
					};
					C2CC0B472471D3D100782F3F = {
						CreatedOnToolsVersion = 11.4.1;
						TestTargetID = C2CC0B312471D3CF00782F3F;
					};
					C2CC0B522471D3D100782F3F = {
						CreatedOnToolsVersion = 11.4.1;
						TestTargetID = C2CC0B312471D3CF00782F3F;
					};
				};
			};
			buildConfigurationList = C2CC0B2D2471D3CF00782F3F /* Build configuration list for PBXProject "Quarantine" */;
			compatibilityVersion = "Xcode 9.3";
			developmentRegion = en;
			hasScannedForEncodings = 0;
			knownRegions = (
				en,
				Base,
			);
			mainGroup = C2CC0B292471D3CF00782F3F;
			productRefGroup = C2CC0B332471D3CF00782F3F /* Products */;
			projectDirPath = "";
			projectRoot = "";
			targets = (
				C2CC0B312471D3CF00782F3F /* Quarantine */,
				C2CC0B472471D3D100782F3F /* QuarantineTests */,
				C2CC0B522471D3D100782F3F /* QuarantineUITests */,
			);
		};
/* End PBXProject section */

/* Begin PBXResourcesBuildPhase section */
		C2CC0B302471D3CF00782F3F /* Resources */ = {
			isa = PBXResourcesBuildPhase;
			buildActionMask = 2147483647;
			files = (
				C2CC0B422471D3D100782F3F /* LaunchScreen.storyboard in Resources */,
				C2CC0B3F2471D3D100782F3F /* Assets.xcassets in Resources */,
			);
			runOnlyForDeploymentPostprocessing = 0;
		};
		C2CC0B462471D3D100782F3F /* Resources */ = {
			isa = PBXResourcesBuildPhase;
			buildActionMask = 2147483647;
			files = (
			);
			runOnlyForDeploymentPostprocessing = 0;
		};
		C2CC0B512471D3D100782F3F /* Resources */ = {
			isa = PBXResourcesBuildPhase;
			buildActionMask = 2147483647;
			files = (
			);
			runOnlyForDeploymentPostprocessing = 0;
		};
/* End PBXResourcesBuildPhase section */

/* Begin PBXShellScriptBuildPhase section */
		4BBFFFE3AEA7E47DFD818DEB /* [CP] Check Pods Manifest.lock */ = {
			isa = PBXShellScriptBuildPhase;
			buildActionMask = 2147483647;
			files = (
			);
			inputFileListPaths = (
			);
			inputPaths = (
				"${PODS_PODFILE_DIR_PATH}/Podfile.lock",
				"${PODS_ROOT}/Manifest.lock",
			);
			name = "[CP] Check Pods Manifest.lock";
			outputFileListPaths = (
			);
			outputPaths = (
				"$(DERIVED_FILE_DIR)/Pods-Quarantine-checkManifestLockResult.txt",
			);
			runOnlyForDeploymentPostprocessing = 0;
			shellPath = /bin/sh;
			shellScript = "diff \"${PODS_PODFILE_DIR_PATH}/Podfile.lock\" \"${PODS_ROOT}/Manifest.lock\" > /dev/null\nif [ $? != 0 ] ; then\n    # print error to STDERR\n    echo \"error: The sandbox is not in sync with the Podfile.lock. Run 'pod install' or update your CocoaPods installation.\" >&2\n    exit 1\nfi\n# This output is used by Xcode 'outputs' to avoid re-running this script phase.\necho \"SUCCESS\" > \"${SCRIPT_OUTPUT_FILE_0}\"\n";
			showEnvVarsInLog = 0;
		};
		B05E85CCD68F5BA60F568B9E /* [CP] Embed Pods Frameworks */ = {
			isa = PBXShellScriptBuildPhase;
			buildActionMask = 2147483647;
			files = (
			);
			inputFileListPaths = (
				"${PODS_ROOT}/Target Support Files/Pods-Quarantine/Pods-Quarantine-frameworks-${CONFIGURATION}-input-files.xcfilelist",
			);
			name = "[CP] Embed Pods Frameworks";
			outputFileListPaths = (
				"${PODS_ROOT}/Target Support Files/Pods-Quarantine/Pods-Quarantine-frameworks-${CONFIGURATION}-output-files.xcfilelist",
			);
			runOnlyForDeploymentPostprocessing = 0;
			shellPath = /bin/sh;
			shellScript = "\"${PODS_ROOT}/Target Support Files/Pods-Quarantine/Pods-Quarantine-frameworks.sh\"\n";
			showEnvVarsInLog = 0;
		};
		BC57F282BAE266765D6CB8DA /* [CP] Check Pods Manifest.lock */ = {
			isa = PBXShellScriptBuildPhase;
			buildActionMask = 2147483647;
			files = (
			);
			inputFileListPaths = (
			);
			inputPaths = (
				"${PODS_PODFILE_DIR_PATH}/Podfile.lock",
				"${PODS_ROOT}/Manifest.lock",
			);
			name = "[CP] Check Pods Manifest.lock";
			outputFileListPaths = (
			);
			outputPaths = (
				"$(DERIVED_FILE_DIR)/Pods-QuarantineTests-checkManifestLockResult.txt",
			);
			runOnlyForDeploymentPostprocessing = 0;
			shellPath = /bin/sh;
			shellScript = "diff \"${PODS_PODFILE_DIR_PATH}/Podfile.lock\" \"${PODS_ROOT}/Manifest.lock\" > /dev/null\nif [ $? != 0 ] ; then\n    # print error to STDERR\n    echo \"error: The sandbox is not in sync with the Podfile.lock. Run 'pod install' or update your CocoaPods installation.\" >&2\n    exit 1\nfi\n# This output is used by Xcode 'outputs' to avoid re-running this script phase.\necho \"SUCCESS\" > \"${SCRIPT_OUTPUT_FILE_0}\"\n";
			showEnvVarsInLog = 0;
		};
/* End PBXShellScriptBuildPhase section */

/* Begin PBXSourcesBuildPhase section */
		C2CC0B2E2471D3CF00782F3F /* Sources */ = {
			isa = PBXSourcesBuildPhase;
			buildActionMask = 2147483647;
			files = (
				C245A30D24885CB900F7E74A /* NSRecursiveLock+Extensions.swift in Sources */,
				C245A30724885CB900F7E74A /* UIViewController+Rx.swift in Sources */,
				C2CC0B362471D3CF00782F3F /* AppDelegate.swift in Sources */,
				C2CC0B382471D3CF00782F3F /* SceneDelegate.swift in Sources */,
				C245A31624885F8D00F7E74A /* LoginViewController.swift in Sources */,
				C245A30E24885CB900F7E74A /* Optional+Unwrap.swift in Sources */,
				C245A30B24885CB900F7E74A /* Dictionary+Extensions.swift in Sources */,
				C245A31224885DA000F7E74A /* AppCoordinator.swift in Sources */,
				C245A31824885F9D00F7E74A /* LoginViewModel.swift in Sources */,
				C245A31A24885FB600F7E74A /* LoginCoordinator.swift in Sources */,
				C245A30924885CB900F7E74A /* PrimitiveSequence+AdditionalOperators.swift in Sources */,
				C245A30424885CB900F7E74A /* SharedSequence+AdditionalOperators.swift in Sources */,
				C245A2EE24885BDD00F7E74A /* ModuleViewModel.swift in Sources */,
				C245A30C24885CB900F7E74A /* Date+Extensions.swift in Sources */,
				C245A2EF24885BDD00F7E74A /* ModuleView.swift in Sources */,
				C245A30524885CB900F7E74A /* ObservableType+Errors.swift in Sources */,
				C245A2ED24885BDD00F7E74A /* CoordinatorProtocol.swift in Sources */,
				C245A30624885CB900F7E74A /* ObservableType+AdditionalOperators.swift in Sources */,
				C245A30824885CB900F7E74A /* Disposable+DisposedWith.swift in Sources */,
			);
			runOnlyForDeploymentPostprocessing = 0;
		};
		C2CC0B442471D3D100782F3F /* Sources */ = {
			isa = PBXSourcesBuildPhase;
			buildActionMask = 2147483647;
			files = (
				C2CC0B4D2471D3D100782F3F /* QuarantineTests.swift in Sources */,
			);
			runOnlyForDeploymentPostprocessing = 0;
		};
		C2CC0B4F2471D3D100782F3F /* Sources */ = {
			isa = PBXSourcesBuildPhase;
			buildActionMask = 2147483647;
			files = (
				C2CC0B582471D3D100782F3F /* QuarantineUITests.swift in Sources */,
			);
			runOnlyForDeploymentPostprocessing = 0;
		};
/* End PBXSourcesBuildPhase section */

/* Begin PBXTargetDependency section */
		C2CC0B4A2471D3D100782F3F /* PBXTargetDependency */ = {
			isa = PBXTargetDependency;
			target = C2CC0B312471D3CF00782F3F /* Quarantine */;
			targetProxy = C2CC0B492471D3D100782F3F /* PBXContainerItemProxy */;
		};
		C2CC0B552471D3D100782F3F /* PBXTargetDependency */ = {
			isa = PBXTargetDependency;
			target = C2CC0B312471D3CF00782F3F /* Quarantine */;
			targetProxy = C2CC0B542471D3D100782F3F /* PBXContainerItemProxy */;
		};
/* End PBXTargetDependency section */

/* Begin PBXVariantGroup section */
		C2CC0B402471D3D100782F3F /* LaunchScreen.storyboard */ = {
			isa = PBXVariantGroup;
			children = (
				C2CC0B412471D3D100782F3F /* Base */,
			);
			name = LaunchScreen.storyboard;
			sourceTree = "<group>";
		};
/* End PBXVariantGroup section */

/* Begin XCBuildConfiguration section */
		C2CC0B5A2471D3D100782F3F /* Debug */ = {
			isa = XCBuildConfiguration;
			buildSettings = {
				ALWAYS_SEARCH_USER_PATHS = NO;
				CLANG_ANALYZER_NONNULL = YES;
				CLANG_ANALYZER_NUMBER_OBJECT_CONVERSION = YES_AGGRESSIVE;
				CLANG_CXX_LANGUAGE_STANDARD = "gnu++14";
				CLANG_CXX_LIBRARY = "libc++";
				CLANG_ENABLE_MODULES = YES;
				CLANG_ENABLE_OBJC_ARC = YES;
				CLANG_ENABLE_OBJC_WEAK = YES;
				CLANG_WARN_BLOCK_CAPTURE_AUTORELEASING = YES;
				CLANG_WARN_BOOL_CONVERSION = YES;
				CLANG_WARN_COMMA = YES;
				CLANG_WARN_CONSTANT_CONVERSION = YES;
				CLANG_WARN_DEPRECATED_OBJC_IMPLEMENTATIONS = YES;
				CLANG_WARN_DIRECT_OBJC_ISA_USAGE = YES_ERROR;
				CLANG_WARN_DOCUMENTATION_COMMENTS = YES;
				CLANG_WARN_EMPTY_BODY = YES;
				CLANG_WARN_ENUM_CONVERSION = YES;
				CLANG_WARN_INFINITE_RECURSION = YES;
				CLANG_WARN_INT_CONVERSION = YES;
				CLANG_WARN_NON_LITERAL_NULL_CONVERSION = YES;
				CLANG_WARN_OBJC_IMPLICIT_RETAIN_SELF = YES;
				CLANG_WARN_OBJC_LITERAL_CONVERSION = YES;
				CLANG_WARN_OBJC_ROOT_CLASS = YES_ERROR;
				CLANG_WARN_RANGE_LOOP_ANALYSIS = YES;
				CLANG_WARN_STRICT_PROTOTYPES = YES;
				CLANG_WARN_SUSPICIOUS_MOVE = YES;
				CLANG_WARN_UNGUARDED_AVAILABILITY = YES_AGGRESSIVE;
				CLANG_WARN_UNREACHABLE_CODE = YES;
				CLANG_WARN__DUPLICATE_METHOD_MATCH = YES;
				COPY_PHASE_STRIP = NO;
				DEBUG_INFORMATION_FORMAT = dwarf;
				ENABLE_STRICT_OBJC_MSGSEND = YES;
				ENABLE_TESTABILITY = YES;
				GCC_C_LANGUAGE_STANDARD = gnu11;
				GCC_DYNAMIC_NO_PIC = NO;
				GCC_NO_COMMON_BLOCKS = YES;
				GCC_OPTIMIZATION_LEVEL = 0;
				GCC_PREPROCESSOR_DEFINITIONS = (
					"DEBUG=1",
					"$(inherited)",
				);
				GCC_WARN_64_TO_32_BIT_CONVERSION = YES;
				GCC_WARN_ABOUT_RETURN_TYPE = YES_ERROR;
				GCC_WARN_UNDECLARED_SELECTOR = YES;
				GCC_WARN_UNINITIALIZED_AUTOS = YES_AGGRESSIVE;
				GCC_WARN_UNUSED_FUNCTION = YES;
				GCC_WARN_UNUSED_VARIABLE = YES;
				IPHONEOS_DEPLOYMENT_TARGET = 13.4;
				MTL_ENABLE_DEBUG_INFO = INCLUDE_SOURCE;
				MTL_FAST_MATH = YES;
				ONLY_ACTIVE_ARCH = YES;
				SDKROOT = iphoneos;
				SWIFT_ACTIVE_COMPILATION_CONDITIONS = DEBUG;
				SWIFT_OPTIMIZATION_LEVEL = "-Onone";
			};
			name = Debug;
		};
		C2CC0B5B2471D3D100782F3F /* Release */ = {
			isa = XCBuildConfiguration;
			buildSettings = {
				ALWAYS_SEARCH_USER_PATHS = NO;
				CLANG_ANALYZER_NONNULL = YES;
				CLANG_ANALYZER_NUMBER_OBJECT_CONVERSION = YES_AGGRESSIVE;
				CLANG_CXX_LANGUAGE_STANDARD = "gnu++14";
				CLANG_CXX_LIBRARY = "libc++";
				CLANG_ENABLE_MODULES = YES;
				CLANG_ENABLE_OBJC_ARC = YES;
				CLANG_ENABLE_OBJC_WEAK = YES;
				CLANG_WARN_BLOCK_CAPTURE_AUTORELEASING = YES;
				CLANG_WARN_BOOL_CONVERSION = YES;
				CLANG_WARN_COMMA = YES;
				CLANG_WARN_CONSTANT_CONVERSION = YES;
				CLANG_WARN_DEPRECATED_OBJC_IMPLEMENTATIONS = YES;
				CLANG_WARN_DIRECT_OBJC_ISA_USAGE = YES_ERROR;
				CLANG_WARN_DOCUMENTATION_COMMENTS = YES;
				CLANG_WARN_EMPTY_BODY = YES;
				CLANG_WARN_ENUM_CONVERSION = YES;
				CLANG_WARN_INFINITE_RECURSION = YES;
				CLANG_WARN_INT_CONVERSION = YES;
				CLANG_WARN_NON_LITERAL_NULL_CONVERSION = YES;
				CLANG_WARN_OBJC_IMPLICIT_RETAIN_SELF = YES;
				CLANG_WARN_OBJC_LITERAL_CONVERSION = YES;
				CLANG_WARN_OBJC_ROOT_CLASS = YES_ERROR;
				CLANG_WARN_RANGE_LOOP_ANALYSIS = YES;
				CLANG_WARN_STRICT_PROTOTYPES = YES;
				CLANG_WARN_SUSPICIOUS_MOVE = YES;
				CLANG_WARN_UNGUARDED_AVAILABILITY = YES_AGGRESSIVE;
				CLANG_WARN_UNREACHABLE_CODE = YES;
				CLANG_WARN__DUPLICATE_METHOD_MATCH = YES;
				COPY_PHASE_STRIP = NO;
				DEBUG_INFORMATION_FORMAT = "dwarf-with-dsym";
				ENABLE_NS_ASSERTIONS = NO;
				ENABLE_STRICT_OBJC_MSGSEND = YES;
				GCC_C_LANGUAGE_STANDARD = gnu11;
				GCC_NO_COMMON_BLOCKS = YES;
				GCC_WARN_64_TO_32_BIT_CONVERSION = YES;
				GCC_WARN_ABOUT_RETURN_TYPE = YES_ERROR;
				GCC_WARN_UNDECLARED_SELECTOR = YES;
				GCC_WARN_UNINITIALIZED_AUTOS = YES_AGGRESSIVE;
				GCC_WARN_UNUSED_FUNCTION = YES;
				GCC_WARN_UNUSED_VARIABLE = YES;
				IPHONEOS_DEPLOYMENT_TARGET = 13.4;
				MTL_ENABLE_DEBUG_INFO = NO;
				MTL_FAST_MATH = YES;
				SDKROOT = iphoneos;
				SWIFT_COMPILATION_MODE = wholemodule;
				SWIFT_OPTIMIZATION_LEVEL = "-O";
				VALIDATE_PRODUCT = YES;
			};
			name = Release;
		};
		C2CC0B5D2471D3D100782F3F /* Debug */ = {
			isa = XCBuildConfiguration;
			baseConfigurationReference = 3B470689D258B3FF2C7C4021 /* Pods-Quarantine.debug.xcconfig */;
			buildSettings = {
				ASSETCATALOG_COMPILER_APPICON_NAME = AppIcon;
				CODE_SIGN_STYLE = Automatic;
				DEVELOPMENT_TEAM = RY9566GKUQ;
				INFOPLIST_FILE = "Quarantine/Supporting Files/Info.plist";
				LD_RUNPATH_SEARCH_PATHS = (
					"$(inherited)",
					"@executable_path/Frameworks",
				);
				PRODUCT_BUNDLE_IDENTIFIER = rtx.Quarantine;
				PRODUCT_NAME = "$(TARGET_NAME)";
				SWIFT_VERSION = 5.0;
				TARGETED_DEVICE_FAMILY = "1,2";
			};
			name = Debug;
		};
		C2CC0B5E2471D3D100782F3F /* Release */ = {
			isa = XCBuildConfiguration;
			baseConfigurationReference = 54AF3D50054F08B7125B5C99 /* Pods-Quarantine.release.xcconfig */;
			buildSettings = {
				ASSETCATALOG_COMPILER_APPICON_NAME = AppIcon;
				CODE_SIGN_STYLE = Automatic;
				DEVELOPMENT_TEAM = RY9566GKUQ;
				INFOPLIST_FILE = "Quarantine/Supporting Files/Info.plist";
				LD_RUNPATH_SEARCH_PATHS = (
					"$(inherited)",
					"@executable_path/Frameworks",
				);
				PRODUCT_BUNDLE_IDENTIFIER = rtx.Quarantine;
				PRODUCT_NAME = "$(TARGET_NAME)";
				SWIFT_VERSION = 5.0;
				TARGETED_DEVICE_FAMILY = "1,2";
			};
			name = Release;
		};
		C2CC0B602471D3D100782F3F /* Debug */ = {
			isa = XCBuildConfiguration;
			baseConfigurationReference = 5DD787B47D23380F00E8EDDA /* Pods-QuarantineTests.debug.xcconfig */;
			buildSettings = {
				ALWAYS_EMBED_SWIFT_STANDARD_LIBRARIES = YES;
				BUNDLE_LOADER = "$(TEST_HOST)";
				CODE_SIGN_STYLE = Automatic;
				DEVELOPMENT_TEAM = RY9566GKUQ;
				INFOPLIST_FILE = QuarantineTests/Info.plist;
				IPHONEOS_DEPLOYMENT_TARGET = 13.4;
				LD_RUNPATH_SEARCH_PATHS = (
					"$(inherited)",
					"@executable_path/Frameworks",
					"@loader_path/Frameworks",
				);
				PRODUCT_BUNDLE_IDENTIFIER = rtx.QuarantineTests;
				PRODUCT_NAME = "$(TARGET_NAME)";
				SWIFT_VERSION = 5.0;
				TARGETED_DEVICE_FAMILY = "1,2";
				TEST_HOST = "$(BUILT_PRODUCTS_DIR)/Quarantine.app/Quarantine";
			};
			name = Debug;
		};
		C2CC0B612471D3D100782F3F /* Release */ = {
			isa = XCBuildConfiguration;
			baseConfigurationReference = FBAC69B0F2623239E38FFFDC /* Pods-QuarantineTests.release.xcconfig */;
			buildSettings = {
				ALWAYS_EMBED_SWIFT_STANDARD_LIBRARIES = YES;
				BUNDLE_LOADER = "$(TEST_HOST)";
				CODE_SIGN_STYLE = Automatic;
				DEVELOPMENT_TEAM = RY9566GKUQ;
				INFOPLIST_FILE = QuarantineTests/Info.plist;
				IPHONEOS_DEPLOYMENT_TARGET = 13.4;
				LD_RUNPATH_SEARCH_PATHS = (
					"$(inherited)",
					"@executable_path/Frameworks",
					"@loader_path/Frameworks",
				);
				PRODUCT_BUNDLE_IDENTIFIER = rtx.QuarantineTests;
				PRODUCT_NAME = "$(TARGET_NAME)";
				SWIFT_VERSION = 5.0;
				TARGETED_DEVICE_FAMILY = "1,2";
				TEST_HOST = "$(BUILT_PRODUCTS_DIR)/Quarantine.app/Quarantine";
			};
			name = Release;
		};
		C2CC0B632471D3D100782F3F /* Debug */ = {
			isa = XCBuildConfiguration;
			buildSettings = {
				ALWAYS_EMBED_SWIFT_STANDARD_LIBRARIES = YES;
				CODE_SIGN_STYLE = Automatic;
				DEVELOPMENT_TEAM = RY9566GKUQ;
				INFOPLIST_FILE = QuarantineUITests/Info.plist;
				LD_RUNPATH_SEARCH_PATHS = (
					"$(inherited)",
					"@executable_path/Frameworks",
					"@loader_path/Frameworks",
				);
				PRODUCT_BUNDLE_IDENTIFIER = rtx.QuarantineUITests;
				PRODUCT_NAME = "$(TARGET_NAME)";
				SWIFT_VERSION = 5.0;
				TARGETED_DEVICE_FAMILY = "1,2";
				TEST_TARGET_NAME = Quarantine;
			};
			name = Debug;
		};
		C2CC0B642471D3D100782F3F /* Release */ = {
			isa = XCBuildConfiguration;
			buildSettings = {
				ALWAYS_EMBED_SWIFT_STANDARD_LIBRARIES = YES;
				CODE_SIGN_STYLE = Automatic;
				DEVELOPMENT_TEAM = RY9566GKUQ;
				INFOPLIST_FILE = QuarantineUITests/Info.plist;
				LD_RUNPATH_SEARCH_PATHS = (
					"$(inherited)",
					"@executable_path/Frameworks",
					"@loader_path/Frameworks",
				);
				PRODUCT_BUNDLE_IDENTIFIER = rtx.QuarantineUITests;
				PRODUCT_NAME = "$(TARGET_NAME)";
				SWIFT_VERSION = 5.0;
				TARGETED_DEVICE_FAMILY = "1,2";
				TEST_TARGET_NAME = Quarantine;
			};
			name = Release;
		};
/* End XCBuildConfiguration section */

/* Begin XCConfigurationList section */
		C2CC0B2D2471D3CF00782F3F /* Build configuration list for PBXProject "Quarantine" */ = {
			isa = XCConfigurationList;
			buildConfigurations = (
				C2CC0B5A2471D3D100782F3F /* Debug */,
				C2CC0B5B2471D3D100782F3F /* Release */,
			);
			defaultConfigurationIsVisible = 0;
			defaultConfigurationName = Release;
		};
		C2CC0B5C2471D3D100782F3F /* Build configuration list for PBXNativeTarget "Quarantine" */ = {
			isa = XCConfigurationList;
			buildConfigurations = (
				C2CC0B5D2471D3D100782F3F /* Debug */,
				C2CC0B5E2471D3D100782F3F /* Release */,
			);
			defaultConfigurationIsVisible = 0;
			defaultConfigurationName = Release;
		};
		C2CC0B5F2471D3D100782F3F /* Build configuration list for PBXNativeTarget "QuarantineTests" */ = {
			isa = XCConfigurationList;
			buildConfigurations = (
				C2CC0B602471D3D100782F3F /* Debug */,
				C2CC0B612471D3D100782F3F /* Release */,
			);
			defaultConfigurationIsVisible = 0;
			defaultConfigurationName = Release;
		};
		C2CC0B622471D3D100782F3F /* Build configuration list for PBXNativeTarget "QuarantineUITests" */ = {
			isa = XCConfigurationList;
			buildConfigurations = (
				C2CC0B632471D3D100782F3F /* Debug */,
				C2CC0B642471D3D100782F3F /* Release */,
			);
			defaultConfigurationIsVisible = 0;
			defaultConfigurationName = Release;
		};
/* End XCConfigurationList section */
	};
	rootObject = C2CC0B2A2471D3CF00782F3F /* Project object */;
}
